// !$*UTF8*$!
{
	archiveVersion = 1;
	classes = {
	};
	objectVersion = 55;
	objects = {

/* Begin PBXBuildFile section */
		DE51462028BA6A6500600D9E /* LocationDetailViewModel.swift in Sources */ = {isa = PBXBuildFile; fileRef = DE51461F28BA6A6500600D9E /* LocationDetailViewModel.swift */; };
		DE51462228BAF67100600D9E /* ProfileModalView.swift in Sources */ = {isa = PBXBuildFile; fileRef = DE51462128BAF67100600D9E /* ProfileModalView.swift */; };
		DE51462528BC915800600D9E /* LocationListViewModel.swift in Sources */ = {isa = PBXBuildFile; fileRef = DE51462428BC915800600D9E /* LocationListViewModel.swift */; };
		DE51462828BCA09300600D9E /* MapBalloon.swift in Sources */ = {isa = PBXBuildFile; fileRef = DE51462728BCA09300600D9E /* MapBalloon.swift */; };
		DE51462A28BCA73800600D9E /* DDGAnnotation.swift in Sources */ = {isa = PBXBuildFile; fileRef = DE51462928BCA73800600D9E /* DDGAnnotation.swift */; };
		DE51462D28BCD3BD00600D9E /* AppTabViewModel.swift in Sources */ = {isa = PBXBuildFile; fileRef = DE51462C28BCD3BD00600D9E /* AppTabViewModel.swift */; };
		DE51462F28BDFB7900600D9E /* ProfileSheetView.swift in Sources */ = {isa = PBXBuildFile; fileRef = DE51462E28BDFB7900600D9E /* ProfileSheetView.swift */; };
		DE51463128BE28FB00600D9E /* HapticManager.swift in Sources */ = {isa = PBXBuildFile; fileRef = DE51463028BE28FB00600D9E /* HapticManager.swift */; };
		DE701FA228B30E9300BCED2D /* DubCourseApp.swift in Sources */ = {isa = PBXBuildFile; fileRef = DE701FA128B30E9300BCED2D /* DubCourseApp.swift */; };
		DE701FA628B30E9400BCED2D /* Assets.xcassets in Resources */ = {isa = PBXBuildFile; fileRef = DE701FA528B30E9400BCED2D /* Assets.xcassets */; };
		DE701FA928B30E9400BCED2D /* Preview Assets.xcassets in Resources */ = {isa = PBXBuildFile; fileRef = DE701FA828B30E9400BCED2D /* Preview Assets.xcassets */; };
		DE8DE3C428B324BD00B21EA0 /* LocationListView.swift in Sources */ = {isa = PBXBuildFile; fileRef = DE8DE3BF28B324BD00B21EA0 /* LocationListView.swift */; };
		DE8DE3C528B324BD00B21EA0 /* LocationMapView.swift in Sources */ = {isa = PBXBuildFile; fileRef = DE8DE3C028B324BD00B21EA0 /* LocationMapView.swift */; };
		DE8DE3C628B324BD00B21EA0 /* ProfileView.swift in Sources */ = {isa = PBXBuildFile; fileRef = DE8DE3C128B324BD00B21EA0 /* ProfileView.swift */; };
		DE8DE3C728B324BD00B21EA0 /* AppTabView.swift in Sources */ = {isa = PBXBuildFile; fileRef = DE8DE3C228B324BD00B21EA0 /* AppTabView.swift */; };
		DE8DE3C828B324BD00B21EA0 /* LocationDetailView.swift in Sources */ = {isa = PBXBuildFile; fileRef = DE8DE3C328B324BD00B21EA0 /* LocationDetailView.swift */; };
		DE8DE3CB28B324CB00B21EA0 /* Color+Ext.swift in Sources */ = {isa = PBXBuildFile; fileRef = DE8DE3C928B324CA00B21EA0 /* Color+Ext.swift */; };
		DE8DE3CE28B324F600B21EA0 /* CloudKit.framework in Frameworks */ = {isa = PBXBuildFile; fileRef = DE8DE3CD28B324F600B21EA0 /* CloudKit.framework */; };
		DE8DE3D028B3469C00B21EA0 /* LocationCell.swift in Sources */ = {isa = PBXBuildFile; fileRef = DE8DE3CF28B3469C00B21EA0 /* LocationCell.swift */; };
		DE8DE3D228B346EC00B21EA0 /* AvatarView.swift in Sources */ = {isa = PBXBuildFile; fileRef = DE8DE3D128B346EC00B21EA0 /* AvatarView.swift */; };
		DE8DE3D428B3567800B21EA0 /* CustomModifiers.swift in Sources */ = {isa = PBXBuildFile; fileRef = DE8DE3D328B3567800B21EA0 /* CustomModifiers.swift */; };
		DE8DE3D628B356C500B21EA0 /* View+Ext.swift in Sources */ = {isa = PBXBuildFile; fileRef = DE8DE3D528B356C500B21EA0 /* View+Ext.swift */; };
		DE8DE3D828B35C8600B21EA0 /* DDGButton.swift in Sources */ = {isa = PBXBuildFile; fileRef = DE8DE3D728B35C8600B21EA0 /* DDGButton.swift */; };
		DE8DE3E028B398A800B21EA0 /* DDGLocation.swift in Sources */ = {isa = PBXBuildFile; fileRef = DE8DE3DF28B398A800B21EA0 /* DDGLocation.swift */; };
		DE8DE3E228B39F3600B21EA0 /* DDGProfile.swift in Sources */ = {isa = PBXBuildFile; fileRef = DE8DE3E128B39F3600B21EA0 /* DDGProfile.swift */; };
		DE8DE3E428B3A36900B21EA0 /* MockData.swift in Sources */ = {isa = PBXBuildFile; fileRef = DE8DE3E328B3A36900B21EA0 /* MockData.swift */; };
		DE8DE3E728B3C6C600B21EA0 /* CloudKitManager.swift in Sources */ = {isa = PBXBuildFile; fileRef = DE8DE3E628B3C6C600B21EA0 /* CloudKitManager.swift */; };
		DE8DE3E928B3C7E800B21EA0 /* Constants.swift in Sources */ = {isa = PBXBuildFile; fileRef = DE8DE3E828B3C7E800B21EA0 /* Constants.swift */; };
		DE8DE3ED28B3D21B00B21EA0 /* AlertItem.swift in Sources */ = {isa = PBXBuildFile; fileRef = DE8DE3EC28B3D21B00B21EA0 /* AlertItem.swift */; };
		DE8DE3F028B3D6BF00B21EA0 /* LocationMapViewModel.swift in Sources */ = {isa = PBXBuildFile; fileRef = DE8DE3EF28B3D6BF00B21EA0 /* LocationMapViewModel.swift */; };
		DE8DE3F328B4586F00B21EA0 /* LocationManager.swift in Sources */ = {isa = PBXBuildFile; fileRef = DE8DE3F228B4586F00B21EA0 /* LocationManager.swift */; };
		DE8DE3F728B6393500B21EA0 /* CKAsset+Ext.swift in Sources */ = {isa = PBXBuildFile; fileRef = DE8DE3F628B6393500B21EA0 /* CKAsset+Ext.swift */; };
		DE8DE40328B7190300B21EA0 /* OnboardView.swift in Sources */ = {isa = PBXBuildFile; fileRef = DE8DE40228B7190300B21EA0 /* OnboardView.swift */; };
		DE8DE40528B7192400B21EA0 /* LogoView.swift in Sources */ = {isa = PBXBuildFile; fileRef = DE8DE40428B7192400B21EA0 /* LogoView.swift */; };
		DE8DE40728B7197A00B21EA0 /* XDismissButton.swift in Sources */ = {isa = PBXBuildFile; fileRef = DE8DE40628B7197A00B21EA0 /* XDismissButton.swift */; };
		DE8DE40B28B7BBF900B21EA0 /* PhotoPicker.swift in Sources */ = {isa = PBXBuildFile; fileRef = DE8DE40A28B7BBF900B21EA0 /* PhotoPicker.swift */; };
		DE8DE42728B8993900B21EA0 /* UIImage+Ext.swift in Sources */ = {isa = PBXBuildFile; fileRef = DE8DE42628B8993900B21EA0 /* UIImage+Ext.swift */; };
		DE8DE42A28B8E8D400B21EA0 /* ProfileViewModel.swift in Sources */ = {isa = PBXBuildFile; fileRef = DE8DE42928B8E8D400B21EA0 /* ProfileViewModel.swift */; };
		DE8DE42C28B9825800B21EA0 /* LoadingView.swift in Sources */ = {isa = PBXBuildFile; fileRef = DE8DE42B28B9825800B21EA0 /* LoadingView.swift */; };
/* End PBXBuildFile section */

/* Begin PBXFileReference section */
		DE51461F28BA6A6500600D9E /* LocationDetailViewModel.swift */ = {isa = PBXFileReference; lastKnownFileType = sourcecode.swift; path = LocationDetailViewModel.swift; sourceTree = "<group>"; };
		DE51462128BAF67100600D9E /* ProfileModalView.swift */ = {isa = PBXFileReference; lastKnownFileType = sourcecode.swift; path = ProfileModalView.swift; sourceTree = "<group>"; };
		DE51462428BC915800600D9E /* LocationListViewModel.swift */ = {isa = PBXFileReference; lastKnownFileType = sourcecode.swift; path = LocationListViewModel.swift; sourceTree = "<group>"; };
		DE51462728BCA09300600D9E /* MapBalloon.swift */ = {isa = PBXFileReference; lastKnownFileType = sourcecode.swift; path = MapBalloon.swift; sourceTree = "<group>"; };
		DE51462928BCA73800600D9E /* DDGAnnotation.swift */ = {isa = PBXFileReference; lastKnownFileType = sourcecode.swift; path = DDGAnnotation.swift; sourceTree = "<group>"; };
		DE51462C28BCD3BD00600D9E /* AppTabViewModel.swift */ = {isa = PBXFileReference; lastKnownFileType = sourcecode.swift; path = AppTabViewModel.swift; sourceTree = "<group>"; };
		DE51462E28BDFB7900600D9E /* ProfileSheetView.swift */ = {isa = PBXFileReference; lastKnownFileType = sourcecode.swift; path = ProfileSheetView.swift; sourceTree = "<group>"; };
		DE51463028BE28FB00600D9E /* HapticManager.swift */ = {isa = PBXFileReference; lastKnownFileType = sourcecode.swift; path = HapticManager.swift; sourceTree = "<group>"; };
		DE701F9E28B30E9300BCED2D /* DubCourse.app */ = {isa = PBXFileReference; explicitFileType = wrapper.application; includeInIndex = 0; path = DubCourse.app; sourceTree = BUILT_PRODUCTS_DIR; };
		DE701FA128B30E9300BCED2D /* DubCourseApp.swift */ = {isa = PBXFileReference; lastKnownFileType = sourcecode.swift; path = DubCourseApp.swift; sourceTree = "<group>"; };
		DE701FA528B30E9400BCED2D /* Assets.xcassets */ = {isa = PBXFileReference; lastKnownFileType = folder.assetcatalog; path = Assets.xcassets; sourceTree = "<group>"; };
		DE701FA828B30E9400BCED2D /* Preview Assets.xcassets */ = {isa = PBXFileReference; lastKnownFileType = folder.assetcatalog; path = "Preview Assets.xcassets"; sourceTree = "<group>"; };
		DE8DE3BF28B324BD00B21EA0 /* LocationListView.swift */ = {isa = PBXFileReference; fileEncoding = 4; lastKnownFileType = sourcecode.swift; path = LocationListView.swift; sourceTree = "<group>"; };
		DE8DE3C028B324BD00B21EA0 /* LocationMapView.swift */ = {isa = PBXFileReference; fileEncoding = 4; lastKnownFileType = sourcecode.swift; path = LocationMapView.swift; sourceTree = "<group>"; };
		DE8DE3C128B324BD00B21EA0 /* ProfileView.swift */ = {isa = PBXFileReference; fileEncoding = 4; lastKnownFileType = sourcecode.swift; path = ProfileView.swift; sourceTree = "<group>"; };
		DE8DE3C228B324BD00B21EA0 /* AppTabView.swift */ = {isa = PBXFileReference; fileEncoding = 4; lastKnownFileType = sourcecode.swift; path = AppTabView.swift; sourceTree = "<group>"; };
		DE8DE3C328B324BD00B21EA0 /* LocationDetailView.swift */ = {isa = PBXFileReference; fileEncoding = 4; lastKnownFileType = sourcecode.swift; path = LocationDetailView.swift; sourceTree = "<group>"; };
		DE8DE3C928B324CA00B21EA0 /* Color+Ext.swift */ = {isa = PBXFileReference; fileEncoding = 4; lastKnownFileType = sourcecode.swift; path = "Color+Ext.swift"; sourceTree = "<group>"; };
		DE8DE3CA28B324CA00B21EA0 /* DubCourse.entitlements */ = {isa = PBXFileReference; fileEncoding = 4; lastKnownFileType = text.plist.entitlements; path = DubCourse.entitlements; sourceTree = "<group>"; };
		DE8DE3CD28B324F600B21EA0 /* CloudKit.framework */ = {isa = PBXFileReference; lastKnownFileType = wrapper.framework; name = CloudKit.framework; path = System/Library/Frameworks/CloudKit.framework; sourceTree = SDKROOT; };
		DE8DE3CF28B3469C00B21EA0 /* LocationCell.swift */ = {isa = PBXFileReference; lastKnownFileType = sourcecode.swift; path = LocationCell.swift; sourceTree = "<group>"; };
		DE8DE3D128B346EC00B21EA0 /* AvatarView.swift */ = {isa = PBXFileReference; lastKnownFileType = sourcecode.swift; path = AvatarView.swift; sourceTree = "<group>"; };
		DE8DE3D328B3567800B21EA0 /* CustomModifiers.swift */ = {isa = PBXFileReference; lastKnownFileType = sourcecode.swift; path = CustomModifiers.swift; sourceTree = "<group>"; };
		DE8DE3D528B356C500B21EA0 /* View+Ext.swift */ = {isa = PBXFileReference; lastKnownFileType = sourcecode.swift; path = "View+Ext.swift"; sourceTree = "<group>"; };
		DE8DE3D728B35C8600B21EA0 /* DDGButton.swift */ = {isa = PBXFileReference; lastKnownFileType = sourcecode.swift; path = DDGButton.swift; sourceTree = "<group>"; };
		DE8DE3DF28B398A800B21EA0 /* DDGLocation.swift */ = {isa = PBXFileReference; lastKnownFileType = sourcecode.swift; path = DDGLocation.swift; sourceTree = "<group>"; };
		DE8DE3E128B39F3600B21EA0 /* DDGProfile.swift */ = {isa = PBXFileReference; lastKnownFileType = sourcecode.swift; path = DDGProfile.swift; sourceTree = "<group>"; };
		DE8DE3E328B3A36900B21EA0 /* MockData.swift */ = {isa = PBXFileReference; lastKnownFileType = sourcecode.swift; path = MockData.swift; sourceTree = "<group>"; };
		DE8DE3E628B3C6C600B21EA0 /* CloudKitManager.swift */ = {isa = PBXFileReference; lastKnownFileType = sourcecode.swift; path = CloudKitManager.swift; sourceTree = "<group>"; };
		DE8DE3E828B3C7E800B21EA0 /* Constants.swift */ = {isa = PBXFileReference; lastKnownFileType = sourcecode.swift; path = Constants.swift; sourceTree = "<group>"; };
		DE8DE3EC28B3D21B00B21EA0 /* AlertItem.swift */ = {isa = PBXFileReference; lastKnownFileType = sourcecode.swift; path = AlertItem.swift; sourceTree = "<group>"; };
		DE8DE3EF28B3D6BF00B21EA0 /* LocationMapViewModel.swift */ = {isa = PBXFileReference; lastKnownFileType = sourcecode.swift; path = LocationMapViewModel.swift; sourceTree = "<group>"; };
		DE8DE3F228B4586F00B21EA0 /* LocationManager.swift */ = {isa = PBXFileReference; lastKnownFileType = sourcecode.swift; path = LocationManager.swift; sourceTree = "<group>"; };
		DE8DE3F628B6393500B21EA0 /* CKAsset+Ext.swift */ = {isa = PBXFileReference; lastKnownFileType = sourcecode.swift; path = "CKAsset+Ext.swift"; sourceTree = "<group>"; };
		DE8DE40228B7190300B21EA0 /* OnboardView.swift */ = {isa = PBXFileReference; lastKnownFileType = sourcecode.swift; path = OnboardView.swift; sourceTree = "<group>"; };
		DE8DE40428B7192400B21EA0 /* LogoView.swift */ = {isa = PBXFileReference; lastKnownFileType = sourcecode.swift; path = LogoView.swift; sourceTree = "<group>"; };
		DE8DE40628B7197A00B21EA0 /* XDismissButton.swift */ = {isa = PBXFileReference; lastKnownFileType = sourcecode.swift; path = XDismissButton.swift; sourceTree = "<group>"; };
		DE8DE40A28B7BBF900B21EA0 /* PhotoPicker.swift */ = {isa = PBXFileReference; lastKnownFileType = sourcecode.swift; path = PhotoPicker.swift; sourceTree = "<group>"; };
		DE8DE42628B8993900B21EA0 /* UIImage+Ext.swift */ = {isa = PBXFileReference; lastKnownFileType = sourcecode.swift; path = "UIImage+Ext.swift"; sourceTree = "<group>"; };
		DE8DE42928B8E8D400B21EA0 /* ProfileViewModel.swift */ = {isa = PBXFileReference; lastKnownFileType = sourcecode.swift; path = ProfileViewModel.swift; sourceTree = "<group>"; };
		DE8DE42B28B9825800B21EA0 /* LoadingView.swift */ = {isa = PBXFileReference; lastKnownFileType = sourcecode.swift; path = LoadingView.swift; sourceTree = "<group>"; };
/* End PBXFileReference section */

/* Begin PBXFrameworksBuildPhase section */
		DE701F9B28B30E9300BCED2D /* Frameworks */ = {
			isa = PBXFrameworksBuildPhase;
			buildActionMask = 2147483647;
			files = (
				DE8DE3CE28B324F600B21EA0 /* CloudKit.framework in Frameworks */,
			);
			runOnlyForDeploymentPostprocessing = 0;
		};
/* End PBXFrameworksBuildPhase section */

/* Begin PBXGroup section */
		DE51461E28BA6A2F00600D9E /* LocationDetailView */ = {
			isa = PBXGroup;
			children = (
				DE51461F28BA6A6500600D9E /* LocationDetailViewModel.swift */,
				DE8DE3C328B324BD00B21EA0 /* LocationDetailView.swift */,
				DE51462128BAF67100600D9E /* ProfileModalView.swift */,
				DE51462E28BDFB7900600D9E /* ProfileSheetView.swift */,
			);
			path = LocationDetailView;
			sourceTree = "<group>";
		};
		DE51462328BC908300600D9E /* LocationListView */ = {
			isa = PBXGroup;
			children = (
				DE51462428BC915800600D9E /* LocationListViewModel.swift */,
				DE8DE3BF28B324BD00B21EA0 /* LocationListView.swift */,
				DE8DE3CF28B3469C00B21EA0 /* LocationCell.swift */,
			);
			path = LocationListView;
			sourceTree = "<group>";
		};
		DE51462628BC9F9600600D9E /* Map Annotation */ = {
			isa = PBXGroup;
			children = (
				DE51462728BCA09300600D9E /* MapBalloon.swift */,
				DE51462928BCA73800600D9E /* DDGAnnotation.swift */,
			);
			path = "Map Annotation";
			sourceTree = "<group>";
		};
		DE51462B28BCD39D00600D9E /* AppTabView */ = {
			isa = PBXGroup;
			children = (
				DE51462C28BCD3BD00600D9E /* AppTabViewModel.swift */,
				DE8DE3C228B324BD00B21EA0 /* AppTabView.swift */,
			);
			path = AppTabView;
			sourceTree = "<group>";
		};
		DE701F9528B30E9300BCED2D = {
			isa = PBXGroup;
			children = (
				DE701FA028B30E9300BCED2D /* DubCourse */,
				DE701F9F28B30E9300BCED2D /* Products */,
				DE8DE3CC28B324F600B21EA0 /* Frameworks */,
			);
			sourceTree = "<group>";
		};
		DE701F9F28B30E9300BCED2D /* Products */ = {
			isa = PBXGroup;
			children = (
				DE701F9E28B30E9300BCED2D /* DubCourse.app */,
			);
			name = Products;
			sourceTree = "<group>";
		};
		DE701FA028B30E9300BCED2D /* DubCourse */ = {
			isa = PBXGroup;
			children = (
				DE8DE3E528B3C50900B21EA0 /* Utilties */,
				DE8DE3DE28B3989300B21EA0 /* Model */,
				DE8DE3DA28B35F0300B21EA0 /* Views */,
				DE8DE3CA28B324CA00B21EA0 /* DubCourse.entitlements */,
				DE701FA128B30E9300BCED2D /* DubCourseApp.swift */,
				DE701FA528B30E9400BCED2D /* Assets.xcassets */,
				DE701FA728B30E9400BCED2D /* Preview Content */,
			);
			path = DubCourse;
			sourceTree = "<group>";
		};
		DE701FA728B30E9400BCED2D /* Preview Content */ = {
			isa = PBXGroup;
			children = (
				DE701FA828B30E9400BCED2D /* Preview Assets.xcassets */,
			);
			path = "Preview Content";
			sourceTree = "<group>";
		};
		DE8DE3CC28B324F600B21EA0 /* Frameworks */ = {
			isa = PBXGroup;
			children = (
				DE8DE3CD28B324F600B21EA0 /* CloudKit.framework */,
			);
			name = Frameworks;
			sourceTree = "<group>";
		};
		DE8DE3D928B35EED00B21EA0 /* Extensions */ = {
			isa = PBXGroup;
			children = (
				DE8DE3C928B324CA00B21EA0 /* Color+Ext.swift */,
				DE8DE3D528B356C500B21EA0 /* View+Ext.swift */,
				DE8DE3F628B6393500B21EA0 /* CKAsset+Ext.swift */,
				DE8DE42628B8993900B21EA0 /* UIImage+Ext.swift */,
			);
			path = Extensions;
			sourceTree = "<group>";
		};
		DE8DE3DA28B35F0300B21EA0 /* Views */ = {
			isa = PBXGroup;
			children = (
				DE8DE3D328B3567800B21EA0 /* CustomModifiers.swift */,
				DE8DE3DD28B35F8100B21EA0 /* CustomViews */,
				DE8DE3DB28B35F1400B21EA0 /* Screens */,
			);
			path = Views;
			sourceTree = "<group>";
		};
		DE8DE3DB28B35F1400B21EA0 /* Screens */ = {
			isa = PBXGroup;
			children = (
				DE51462B28BCD39D00600D9E /* AppTabView */,
				DE51462328BC908300600D9E /* LocationListView */,
				DE51461E28BA6A2F00600D9E /* LocationDetailView */,
				DE8DE42828B8E8BA00B21EA0 /* ProfileView */,
				DE8DE3EE28B3D69B00B21EA0 /* LocationMapView */,
				DE8DE40228B7190300B21EA0 /* OnboardView.swift */,
			);
			path = Screens;
			sourceTree = "<group>";
		};
		DE8DE3DD28B35F8100B21EA0 /* CustomViews */ = {
			isa = PBXGroup;
			children = (
				DE51462628BC9F9600600D9E /* Map Annotation */,
				DE8DE40828B7198900B21EA0 /* Buttons */,
				DE8DE40928B7BBB800B21EA0 /* UIKit Components */,
				DE8DE3D128B346EC00B21EA0 /* AvatarView.swift */,
				DE8DE40428B7192400B21EA0 /* LogoView.swift */,
				DE8DE42B28B9825800B21EA0 /* LoadingView.swift */,
			);
			path = CustomViews;
			sourceTree = "<group>";
		};
		DE8DE3DE28B3989300B21EA0 /* Model */ = {
			isa = PBXGroup;
			children = (
				DE8DE3DF28B398A800B21EA0 /* DDGLocation.swift */,
				DE8DE3E128B39F3600B21EA0 /* DDGProfile.swift */,
				DE8DE3E328B3A36900B21EA0 /* MockData.swift */,
			);
			path = Model;
			sourceTree = "<group>";
		};
		DE8DE3E528B3C50900B21EA0 /* Utilties */ = {
			isa = PBXGroup;
			children = (
				DE8DE3F128B4585500B21EA0 /* Managers */,
				DE8DE3D928B35EED00B21EA0 /* Extensions */,
				DE8DE3E828B3C7E800B21EA0 /* Constants.swift */,
				DE8DE3EC28B3D21B00B21EA0 /* AlertItem.swift */,
			);
			path = Utilties;
			sourceTree = "<group>";
		};
		DE8DE3EE28B3D69B00B21EA0 /* LocationMapView */ = {
			isa = PBXGroup;
			children = (
				DE8DE3EF28B3D6BF00B21EA0 /* LocationMapViewModel.swift */,
				DE8DE3C028B324BD00B21EA0 /* LocationMapView.swift */,
			);
			path = LocationMapView;
			sourceTree = "<group>";
		};
		DE8DE3F128B4585500B21EA0 /* Managers */ = {
			isa = PBXGroup;
			children = (
				DE8DE3E628B3C6C600B21EA0 /* CloudKitManager.swift */,
				DE8DE3F228B4586F00B21EA0 /* LocationManager.swift */,
				DE51463028BE28FB00600D9E /* HapticManager.swift */,
			);
			path = Managers;
			sourceTree = "<group>";
		};
		DE8DE40828B7198900B21EA0 /* Buttons */ = {
			isa = PBXGroup;
			children = (
				DE8DE3D728B35C8600B21EA0 /* DDGButton.swift */,
				DE8DE40628B7197A00B21EA0 /* XDismissButton.swift */,
			);
			path = Buttons;
			sourceTree = "<group>";
		};
		DE8DE40928B7BBB800B21EA0 /* UIKit Components */ = {
			isa = PBXGroup;
			children = (
				DE8DE40A28B7BBF900B21EA0 /* PhotoPicker.swift */,
			);
			path = "UIKit Components";
			sourceTree = "<group>";
		};
		DE8DE42828B8E8BA00B21EA0 /* ProfileView */ = {
			isa = PBXGroup;
			children = (
				DE8DE42928B8E8D400B21EA0 /* ProfileViewModel.swift */,
				DE8DE3C128B324BD00B21EA0 /* ProfileView.swift */,
			);
			path = ProfileView;
			sourceTree = "<group>";
		};
/* End PBXGroup section */

/* Begin PBXNativeTarget section */
		DE701F9D28B30E9300BCED2D /* DubCourse */ = {
			isa = PBXNativeTarget;
			buildConfigurationList = DE701FAC28B30E9400BCED2D /* Build configuration list for PBXNativeTarget "DubCourse" */;
			buildPhases = (
				DE701F9A28B30E9300BCED2D /* Sources */,
				DE701F9B28B30E9300BCED2D /* Frameworks */,
				DE701F9C28B30E9300BCED2D /* Resources */,
			);
			buildRules = (
			);
			dependencies = (
			);
			name = DubCourse;
			productName = DubCourse;
			productReference = DE701F9E28B30E9300BCED2D /* DubCourse.app */;
			productType = "com.apple.product-type.application";
		};
/* End PBXNativeTarget section */

/* Begin PBXProject section */
		DE701F9628B30E9300BCED2D /* Project object */ = {
			isa = PBXProject;
			attributes = {
				BuildIndependentTargetsInParallel = 1;
				LastSwiftUpdateCheck = 1340;
				LastUpgradeCheck = 1340;
				TargetAttributes = {
					DE701F9D28B30E9300BCED2D = {
						CreatedOnToolsVersion = 13.4.1;
					};
				};
			};
			buildConfigurationList = DE701F9928B30E9300BCED2D /* Build configuration list for PBXProject "DubCourse" */;
			compatibilityVersion = "Xcode 13.0";
			developmentRegion = en;
			hasScannedForEncodings = 0;
			knownRegions = (
				en,
				Base,
			);
			mainGroup = DE701F9528B30E9300BCED2D;
			productRefGroup = DE701F9F28B30E9300BCED2D /* Products */;
			projectDirPath = "";
			projectRoot = "";
			targets = (
				DE701F9D28B30E9300BCED2D /* DubCourse */,
			);
		};
/* End PBXProject section */

/* Begin PBXResourcesBuildPhase section */
		DE701F9C28B30E9300BCED2D /* Resources */ = {
			isa = PBXResourcesBuildPhase;
			buildActionMask = 2147483647;
			files = (
				DE701FA928B30E9400BCED2D /* Preview Assets.xcassets in Resources */,
				DE701FA628B30E9400BCED2D /* Assets.xcassets in Resources */,
			);
			runOnlyForDeploymentPostprocessing = 0;
		};
/* End PBXResourcesBuildPhase section */

/* Begin PBXSourcesBuildPhase section */
		DE701F9A28B30E9300BCED2D /* Sources */ = {
			isa = PBXSourcesBuildPhase;
			buildActionMask = 2147483647;
			files = (
				DE8DE3C628B324BD00B21EA0 /* ProfileView.swift in Sources */,
				DE8DE42C28B9825800B21EA0 /* LoadingView.swift in Sources */,
				DE8DE3E928B3C7E800B21EA0 /* Constants.swift in Sources */,
				DE51462228BAF67100600D9E /* ProfileModalView.swift in Sources */,
				DE8DE3D428B3567800B21EA0 /* CustomModifiers.swift in Sources */,
				DE51463128BE28FB00600D9E /* HapticManager.swift in Sources */,
				DE51462028BA6A6500600D9E /* LocationDetailViewModel.swift in Sources */,
				DE8DE3CB28B324CB00B21EA0 /* Color+Ext.swift in Sources */,
				DE8DE3F028B3D6BF00B21EA0 /* LocationMapViewModel.swift in Sources */,
				DE701FA228B30E9300BCED2D /* DubCourseApp.swift in Sources */,
				DE8DE42A28B8E8D400B21EA0 /* ProfileViewModel.swift in Sources */,
				DE8DE3E428B3A36900B21EA0 /* MockData.swift in Sources */,
				DE51462D28BCD3BD00600D9E /* AppTabViewModel.swift in Sources */,
				DE8DE3C828B324BD00B21EA0 /* LocationDetailView.swift in Sources */,
				DE8DE3E228B39F3600B21EA0 /* DDGProfile.swift in Sources */,
				DE8DE3E028B398A800B21EA0 /* DDGLocation.swift in Sources */,
				DE8DE40B28B7BBF900B21EA0 /* PhotoPicker.swift in Sources */,
				DE8DE3C528B324BD00B21EA0 /* LocationMapView.swift in Sources */,
				DE8DE3C428B324BD00B21EA0 /* LocationListView.swift in Sources */,
				DE8DE3E728B3C6C600B21EA0 /* CloudKitManager.swift in Sources */,
				DE8DE40528B7192400B21EA0 /* LogoView.swift in Sources */,
				DE8DE40728B7197A00B21EA0 /* XDismissButton.swift in Sources */,
				DE8DE3ED28B3D21B00B21EA0 /* AlertItem.swift in Sources */,
				DE8DE3D628B356C500B21EA0 /* View+Ext.swift in Sources */,
				DE51462A28BCA73800600D9E /* DDGAnnotation.swift in Sources */,
				DE8DE3D028B3469C00B21EA0 /* LocationCell.swift in Sources */,
				DE51462528BC915800600D9E /* LocationListViewModel.swift in Sources */,
				DE8DE3F328B4586F00B21EA0 /* LocationManager.swift in Sources */,
				DE8DE3F728B6393500B21EA0 /* CKAsset+Ext.swift in Sources */,
				DE51462828BCA09300600D9E /* MapBalloon.swift in Sources */,
				DE51462F28BDFB7900600D9E /* ProfileSheetView.swift in Sources */,
				DE8DE40328B7190300B21EA0 /* OnboardView.swift in Sources */,
				DE8DE3D828B35C8600B21EA0 /* DDGButton.swift in Sources */,
				DE8DE42728B8993900B21EA0 /* UIImage+Ext.swift in Sources */,
				DE8DE3D228B346EC00B21EA0 /* AvatarView.swift in Sources */,
				DE8DE3C728B324BD00B21EA0 /* AppTabView.swift in Sources */,
			);
			runOnlyForDeploymentPostprocessing = 0;
		};
/* End PBXSourcesBuildPhase section */

/* Begin XCBuildConfiguration section */
		DE701FAA28B30E9400BCED2D /* Debug */ = {
			isa = XCBuildConfiguration;
			buildSettings = {
				ALWAYS_SEARCH_USER_PATHS = NO;
				CLANG_ANALYZER_NONNULL = YES;
				CLANG_ANALYZER_NUMBER_OBJECT_CONVERSION = YES_AGGRESSIVE;
				CLANG_CXX_LANGUAGE_STANDARD = "gnu++17";
				CLANG_ENABLE_MODULES = YES;
				CLANG_ENABLE_OBJC_ARC = YES;
				CLANG_ENABLE_OBJC_WEAK = YES;
				CLANG_WARN_BLOCK_CAPTURE_AUTORELEASING = YES;
				CLANG_WARN_BOOL_CONVERSION = YES;
				CLANG_WARN_COMMA = YES;
				CLANG_WARN_CONSTANT_CONVERSION = YES;
				CLANG_WARN_DEPRECATED_OBJC_IMPLEMENTATIONS = YES;
				CLANG_WARN_DIRECT_OBJC_ISA_USAGE = YES_ERROR;
				CLANG_WARN_DOCUMENTATION_COMMENTS = YES;
				CLANG_WARN_EMPTY_BODY = YES;
				CLANG_WARN_ENUM_CONVERSION = YES;
				CLANG_WARN_INFINITE_RECURSION = YES;
				CLANG_WARN_INT_CONVERSION = YES;
				CLANG_WARN_NON_LITERAL_NULL_CONVERSION = YES;
				CLANG_WARN_OBJC_IMPLICIT_RETAIN_SELF = YES;
				CLANG_WARN_OBJC_LITERAL_CONVERSION = YES;
				CLANG_WARN_OBJC_ROOT_CLASS = YES_ERROR;
				CLANG_WARN_QUOTED_INCLUDE_IN_FRAMEWORK_HEADER = YES;
				CLANG_WARN_RANGE_LOOP_ANALYSIS = YES;
				CLANG_WARN_STRICT_PROTOTYPES = YES;
				CLANG_WARN_SUSPICIOUS_MOVE = YES;
				CLANG_WARN_UNGUARDED_AVAILABILITY = YES_AGGRESSIVE;
				CLANG_WARN_UNREACHABLE_CODE = YES;
				CLANG_WARN__DUPLICATE_METHOD_MATCH = YES;
				COPY_PHASE_STRIP = NO;
				DEBUG_INFORMATION_FORMAT = dwarf;
				ENABLE_STRICT_OBJC_MSGSEND = YES;
				ENABLE_TESTABILITY = YES;
				GCC_C_LANGUAGE_STANDARD = gnu11;
				GCC_DYNAMIC_NO_PIC = NO;
				GCC_NO_COMMON_BLOCKS = YES;
				GCC_OPTIMIZATION_LEVEL = 0;
				GCC_PREPROCESSOR_DEFINITIONS = (
					"DEBUG=1",
					"$(inherited)",
				);
				GCC_WARN_64_TO_32_BIT_CONVERSION = YES;
				GCC_WARN_ABOUT_RETURN_TYPE = YES_ERROR;
				GCC_WARN_UNDECLARED_SELECTOR = YES;
				GCC_WARN_UNINITIALIZED_AUTOS = YES_AGGRESSIVE;
				GCC_WARN_UNUSED_FUNCTION = YES;
				GCC_WARN_UNUSED_VARIABLE = YES;
				IPHONEOS_DEPLOYMENT_TARGET = 15.5;
				MTL_ENABLE_DEBUG_INFO = INCLUDE_SOURCE;
				MTL_FAST_MATH = YES;
				ONLY_ACTIVE_ARCH = YES;
				SDKROOT = iphoneos;
				SWIFT_ACTIVE_COMPILATION_CONDITIONS = DEBUG;
				SWIFT_OPTIMIZATION_LEVEL = "-Onone";
			};
			name = Debug;
		};
		DE701FAB28B30E9400BCED2D /* Release */ = {
			isa = XCBuildConfiguration;
			buildSettings = {
				ALWAYS_SEARCH_USER_PATHS = NO;
				CLANG_ANALYZER_NONNULL = YES;
				CLANG_ANALYZER_NUMBER_OBJECT_CONVERSION = YES_AGGRESSIVE;
				CLANG_CXX_LANGUAGE_STANDARD = "gnu++17";
				CLANG_ENABLE_MODULES = YES;
				CLANG_ENABLE_OBJC_ARC = YES;
				CLANG_ENABLE_OBJC_WEAK = YES;
				CLANG_WARN_BLOCK_CAPTURE_AUTORELEASING = YES;
				CLANG_WARN_BOOL_CONVERSION = YES;
				CLANG_WARN_COMMA = YES;
				CLANG_WARN_CONSTANT_CONVERSION = YES;
				CLANG_WARN_DEPRECATED_OBJC_IMPLEMENTATIONS = YES;
				CLANG_WARN_DIRECT_OBJC_ISA_USAGE = YES_ERROR;
				CLANG_WARN_DOCUMENTATION_COMMENTS = YES;
				CLANG_WARN_EMPTY_BODY = YES;
				CLANG_WARN_ENUM_CONVERSION = YES;
				CLANG_WARN_INFINITE_RECURSION = YES;
				CLANG_WARN_INT_CONVERSION = YES;
				CLANG_WARN_NON_LITERAL_NULL_CONVERSION = YES;
				CLANG_WARN_OBJC_IMPLICIT_RETAIN_SELF = YES;
				CLANG_WARN_OBJC_LITERAL_CONVERSION = YES;
				CLANG_WARN_OBJC_ROOT_CLASS = YES_ERROR;
				CLANG_WARN_QUOTED_INCLUDE_IN_FRAMEWORK_HEADER = YES;
				CLANG_WARN_RANGE_LOOP_ANALYSIS = YES;
				CLANG_WARN_STRICT_PROTOTYPES = YES;
				CLANG_WARN_SUSPICIOUS_MOVE = YES;
				CLANG_WARN_UNGUARDED_AVAILABILITY = YES_AGGRESSIVE;
				CLANG_WARN_UNREACHABLE_CODE = YES;
				CLANG_WARN__DUPLICATE_METHOD_MATCH = YES;
				COPY_PHASE_STRIP = NO;
				DEBUG_INFORMATION_FORMAT = "dwarf-with-dsym";
				ENABLE_NS_ASSERTIONS = NO;
				ENABLE_STRICT_OBJC_MSGSEND = YES;
				GCC_C_LANGUAGE_STANDARD = gnu11;
				GCC_NO_COMMON_BLOCKS = YES;
				GCC_WARN_64_TO_32_BIT_CONVERSION = YES;
				GCC_WARN_ABOUT_RETURN_TYPE = YES_ERROR;
				GCC_WARN_UNDECLARED_SELECTOR = YES;
				GCC_WARN_UNINITIALIZED_AUTOS = YES_AGGRESSIVE;
				GCC_WARN_UNUSED_FUNCTION = YES;
				GCC_WARN_UNUSED_VARIABLE = YES;
				IPHONEOS_DEPLOYMENT_TARGET = 15.5;
				MTL_ENABLE_DEBUG_INFO = NO;
				MTL_FAST_MATH = YES;
				SDKROOT = iphoneos;
				SWIFT_COMPILATION_MODE = wholemodule;
				SWIFT_OPTIMIZATION_LEVEL = "-O";
				VALIDATE_PRODUCT = YES;
			};
			name = Release;
		};
		DE701FAD28B30E9400BCED2D /* Debug */ = {
			isa = XCBuildConfiguration;
			buildSettings = {
				ASSETCATALOG_COMPILER_APPICON_NAME = AppIcon;
				ASSETCATALOG_COMPILER_GLOBAL_ACCENT_COLOR_NAME = AccentColor;
				CODE_SIGN_ENTITLEMENTS = DubCourse/DubCourse.entitlements;
				CODE_SIGN_STYLE = Automatic;
				CURRENT_PROJECT_VERSION = 1;
				DEVELOPMENT_ASSET_PATHS = "\"DubCourse/Preview Content\"";
				DEVELOPMENT_TEAM = TFAADZ4278;
				ENABLE_PREVIEWS = YES;
				GENERATE_INFOPLIST_FILE = YES;
				INFOPLIST_FILE = DubCourse/Info.plist;
				INFOPLIST_KEY_NSLocationWhenInUseUsageDescription = "Dub Dub Grub uses your location to show you where you are in relation to your friends and food.";
				INFOPLIST_KEY_UIApplicationSceneManifest_Generation = YES;
				INFOPLIST_KEY_UIApplicationSupportsIndirectInputEvents = YES;
				INFOPLIST_KEY_UISupportedInterfaceOrientations_iPad = "UIInterfaceOrientationPortrait UIInterfaceOrientationPortraitUpsideDown UIInterfaceOrientationLandscapeLeft UIInterfaceOrientationLandscapeRight";
				INFOPLIST_KEY_UISupportedInterfaceOrientations_iPhone = "UIInterfaceOrientationPortrait UIInterfaceOrientationLandscapeLeft UIInterfaceOrientationLandscapeRight";
				LD_RUNPATH_SEARCH_PATHS = (
					"$(inherited)",
					"@executable_path/Frameworks",
				);
				MARKETING_VERSION = 1.0;
				PRODUCT_BUNDLE_IDENTIFIER = app.kai7.DubCourse;
				PRODUCT_NAME = "$(TARGET_NAME)";
				SWIFT_EMIT_LOC_STRINGS = YES;
				SWIFT_VERSION = 5.0;
				TARGETED_DEVICE_FAMILY = 1;
			};
			name = Debug;
		};
		DE701FAE28B30E9400BCED2D /* Release */ = {
			isa = XCBuildConfiguration;
			buildSettings = {
				ASSETCATALOG_COMPILER_APPICON_NAME = AppIcon;
				ASSETCATALOG_COMPILER_GLOBAL_ACCENT_COLOR_NAME = AccentColor;
				CODE_SIGN_ENTITLEMENTS = DubCourse/DubCourse.entitlements;
				CODE_SIGN_STYLE = Automatic;
				CURRENT_PROJECT_VERSION = 1;
				DEVELOPMENT_ASSET_PATHS = "\"DubCourse/Preview Content\"";
				DEVELOPMENT_TEAM = TFAADZ4278;
				ENABLE_PREVIEWS = YES;
				GENERATE_INFOPLIST_FILE = YES;
				INFOPLIST_FILE = DubCourse/Info.plist;
				INFOPLIST_KEY_NSLocationWhenInUseUsageDescription = "Dub Dub Grub uses your location to show you where you are in relation to your friends and food.";
				INFOPLIST_KEY_UIApplicationSceneManifest_Generation = YES;
				INFOPLIST_KEY_UIApplicationSupportsIndirectInputEvents = YES;
				INFOPLIST_KEY_UISupportedInterfaceOrientations_iPad = "UIInterfaceOrientationPortrait UIInterfaceOrientationPortraitUpsideDown UIInterfaceOrientationLandscapeLeft UIInterfaceOrientationLandscapeRight";
				INFOPLIST_KEY_UISupportedInterfaceOrientations_iPhone = "UIInterfaceOrientationPortrait UIInterfaceOrientationLandscapeLeft UIInterfaceOrientationLandscapeRight";
				LD_RUNPATH_SEARCH_PATHS = (
					"$(inherited)",
					"@executable_path/Frameworks",
				);
				MARKETING_VERSION = 1.0;
				PRODUCT_BUNDLE_IDENTIFIER = app.kai7.DubCourse;
				PRODUCT_NAME = "$(TARGET_NAME)";
				SWIFT_EMIT_LOC_STRINGS = YES;
				SWIFT_VERSION = 5.0;
				TARGETED_DEVICE_FAMILY = 1;
			};
			name = Release;
		};
/* End XCBuildConfiguration section */

/* Begin XCConfigurationList section */
		DE701F9928B30E9300BCED2D /* Build configuration list for PBXProject "DubCourse" */ = {
			isa = XCConfigurationList;
			buildConfigurations = (
				DE701FAA28B30E9400BCED2D /* Debug */,
				DE701FAB28B30E9400BCED2D /* Release */,
			);
			defaultConfigurationIsVisible = 0;
			defaultConfigurationName = Release;
		};
		DE701FAC28B30E9400BCED2D /* Build configuration list for PBXNativeTarget "DubCourse" */ = {
			isa = XCConfigurationList;
			buildConfigurations = (
				DE701FAD28B30E9400BCED2D /* Debug */,
				DE701FAE28B30E9400BCED2D /* Release */,
			);
			defaultConfigurationIsVisible = 0;
			defaultConfigurationName = Release;
		};
/* End XCConfigurationList section */
	};
	rootObject = DE701F9628B30E9300BCED2D /* Project object */;
}
